
Microsoft Visual Studio Solution File, Format Version 12.00
# Visual Studio Version 16
VisualStudioVersion = 16.0.31321.278
MinimumVisualStudioVersion = 10.0.40219.1
Project("{F184B08F-C81C-45F6-A57F-5ABD9991F28F}") = "MPC-HC Favorites to Looper File", "MPC-HC Favorites to Looper File\MPC-HC Favorites to Looper File.vbproj", "{AFD147A1-E555-4F8F-A8E7-9CC3EF666E43}"
EndProject
Global
	GlobalSection(SolutionConfigurationPlatforms) = preSolution
		Debug|Any CPU = Debug|Any CPU
		Release|Any CPU = Release|Any CPU
	EndGlobalSection
	GlobalSection(ProjectConfigurationPlatforms) = postSolution
		{AFD147A1-E555-4F8F-A8E7-9CC3EF666E43}.Debug|Any CPU.ActiveCfg = Debug|Any CPU
		{AFD147A1-E555-4F8F-A8E7-9CC3EF666E43}.Debug|Any CPU.Build.0 = Debug|Any CPU
		{AFD147A1-E555-4F8F-A8E7-9CC3EF666E43}.Release|Any CPU.ActiveCfg = Release|Any CPU
		{AFD147A1-E555-4F8F-A8E7-9CC3EF666E43}.Release|Any CPU.Build.0 = Release|Any CPU
	EndGlobalSection
	GlobalSection(SolutionProperties) = preSolution
		HideSolutionNode = FALSE
	EndGlobalSection
	GlobalSection(ExtensibilityGlobals) = postSolution
		SolutionGuid = {3FD32F51-4266-4757-A739-8D24FD7EB7D0}
	EndGlobalSection
EndGlobal
